
Microsoft Visual Studio Solution File, Format Version 12.00
# Visual Studio 14
VisualStudioVersion = 14.0.24720.0
MinimumVisualStudioVersion = 10.0.40219.1
Project("{FAE04EC0-301F-11D3-BF4B-00C04F79EFBC}") = "VisitorPattern", "VisitorPattern\VisitorPattern.csproj", "{F0008610-3AD5-4C02-BD82-028855DB89F4}"
EndProject
Project("{FAE04EC0-301F-11D3-BF4B-00C04F79EFBC}") = "FlyweightPattern", "FlyweightPattern\FlyweightPattern.csproj", "{30293178-4CEC-41A7-AE13-C675D3CBC03C}"
EndProject
Project("{FAE04EC0-301F-11D3-BF4B-00C04F79EFBC}") = "SingletonPattern", "SingletonPattern\SingletonPattern.csproj", "{6D8D8FB8-415C-4D0A-8BF3-83FB14CA83BB}"
EndProject
Project("{2150E333-8FDC-42A3-9474-1A3956D46DE8}") = "Solution Items", "Solution Items", "{4ED2A8FF-EBBD-45AF-B907-19172BA19D47}"
	ProjectSection(SolutionItems) = preProject
		ReSharper.DotSettings = ReSharper.DotSettings
		Settings.StyleCop = Settings.StyleCop
	EndProjectSection
EndProject
Project("{FAE04EC0-301F-11D3-BF4B-00C04F79EFBC}") = "BridgePattern", "BridgePattern\BridgePattern.csproj", "{E4057340-D5CE-4B07-8FA8-81913F773614}"
EndProject
Project("{FAE04EC0-301F-11D3-BF4B-00C04F79EFBC}") = "BuilderPattern", "BuilderPattern\BuilderPattern.csproj", "{4079D438-15D0-4D82-9226-6C06E65ADC97}"
EndProject
Project("{FAE04EC0-301F-11D3-BF4B-00C04F79EFBC}") = "ChainOfResponsibilityPattern", "ChainOfResponsibilityPattern\ChainOfResponsibilityPattern.csproj", "{0B744C8E-3A80-468C-9B5E-8983E669BCDC}"
EndProject
Project("{FAE04EC0-301F-11D3-BF4B-00C04F79EFBC}") = "CommandPattern", "CommandPattern\CommandPattern.csproj", "{6F005A12-0EEB-4677-B799-D01111BB68FE}"
EndProject
Project("{FAE04EC0-301F-11D3-BF4B-00C04F79EFBC}") = "CompositePattern", "CompositeDesignPattern\CompositePattern.csproj", "{EC9DA090-360E-4EB2-B488-6DDA2FB5D4EB}"
EndProject
Project("{FAE04EC0-301F-11D3-BF4B-00C04F79EFBC}") = "DecoratorPattern", "DecoratorPattern\DecoratorPattern.csproj", "{791429D6-B58F-4453-BDB9-9F299EAFE174}"
EndProject
Project("{FAE04EC0-301F-11D3-BF4B-00C04F79EFBC}") = "EventAggregatorPattern", "EventAggregatorPattern\EventAggregatorPattern.csproj", "{072E7486-4BC7-4522-9078-1B3B3D9BD6C9}"
EndProject
Project("{FAE04EC0-301F-11D3-BF4B-00C04F79EFBC}") = "FacadePattern", "FacadePattern\FacadePattern.csproj", "{855D8162-14FF-4358-AACF-E3E683EBA327}"
EndProject
Project("{FAE04EC0-301F-11D3-BF4B-00C04F79EFBC}") = "FactoryPattern", "FactoryPattern\FactoryPattern.csproj", "{89B9D671-C199-46A6-ABA0-EAE0AA813902}"
EndProject
Project("{FAE04EC0-301F-11D3-BF4B-00C04F79EFBC}") = "InterpreterPattern", "InterpreterPattern\InterpreterPattern.csproj", "{2AD8B76F-A2EE-4F10-BCC7-4163C8582E7D}"
EndProject
Project("{FAE04EC0-301F-11D3-BF4B-00C04F79EFBC}") = "IteratorPattern", "IteratorPattern\IteratorPattern.csproj", "{01F34B82-FFFE-47F9-974B-EDFAF38564A8}"
EndProject
Project("{FAE04EC0-301F-11D3-BF4B-00C04F79EFBC}") = "MediatorDesignPattern", "MediatorDesignPattern\MediatorDesignPattern.csproj", "{A4F2A020-5756-40D1-AF8A-C4786B46FC57}"
EndProject
Project("{FAE04EC0-301F-11D3-BF4B-00C04F79EFBC}") = "ModelViewPresenterPattern", "ModelViewPresenterPattern\ModelViewPresenterPattern.csproj", "{2D22396E-03D1-4174-8652-16383F112949}"
EndProject
Project("{FAE04EC0-301F-11D3-BF4B-00C04F79EFBC}") = "NullObjectPattern", "NullObjectPattern\NullObjectPattern.csproj", "{2578B1A2-0469-4C94-8DE5-B65FA7F10A95}"
EndProject
Project("{FAE04EC0-301F-11D3-BF4B-00C04F79EFBC}") = "TemplateMethodPattern", "TemplateMethodPattern\TemplateMethodPattern.csproj", "{4A33329D-186D-4B68-97CC-2D9B1C6E342F}"
EndProject
Project("{FAE04EC0-301F-11D3-BF4B-00C04F79EFBC}") = "StrategyPattern", "StrategyPattern\StrategyPattern.csproj", "{010281AA-8F16-47D7-A195-1E91D07B67D2}"
EndProject
Project("{FAE04EC0-301F-11D3-BF4B-00C04F79EFBC}") = "RepositoryPattern", "RepositoryPattern\RepositoryPattern.csproj", "{2A734CCF-F81C-46B6-9391-2EDFEF6B3555}"
EndProject
Project("{FAE04EC0-301F-11D3-BF4B-00C04F79EFBC}") = "MementoPattern", "MementoPattern\MementoPattern.csproj", "{A8F53F0B-A5C4-473A-8177-2DFB71B0A614}"
EndProject
Project("{FAE04EC0-301F-11D3-BF4B-00C04F79EFBC}") = "ModelViewViewModelPattern", "ModelViewViewModelPattern\ModelViewViewModelPattern.csproj", "{8FEDE311-A1CF-4AB1-A04B-11929C17610F}"
EndProject
Project("{FAE04EC0-301F-11D3-BF4B-00C04F79EFBC}") = "ObserverPattern", "ObserverPattern\ObserverPattern.csproj", "{338DD7D9-6399-43C4-B1C1-77028078425D}"
EndProject
Project("{FAE04EC0-301F-11D3-BF4B-00C04F79EFBC}") = "PrototypePattern", "PrototypePattern\PrototypePattern.csproj", "{2870C6AD-A5A5-4315-9180-767BFD860656}"
EndProject
Project("{FAE04EC0-301F-11D3-BF4B-00C04F79EFBC}") = "AdapterPattern", "AdapterPattern\AdapterPattern.csproj", "{AC12969E-B544-4020-BF0D-F7CC7625C188}"
EndProject
Project("{FAE04EC0-301F-11D3-BF4B-00C04F79EFBC}") = "UnitOfWorkPattern", "UnitOfWorkPattern\UnitOfWorkPattern.csproj", "{4CE5D042-3760-4AEE-9B39-12AF8F51A6E4}"
EndProject
Project("{FAE04EC0-301F-11D3-BF4B-00C04F79EFBC}") = "ServiceLocatorPattern", "ServiceLocatorPattern\ServiceLocatorPattern.csproj", "{FBF1D8A1-56EC-4CA3-AF94-E8490FB0ABF1}"
EndProject
Project("{FAE04EC0-301F-11D3-BF4B-00C04F79EFBC}") = "ProxyPattern", "ProxyPattern\ProxyPattern.csproj", "{260F8260-E90D-44D4-83E3-5A0675340543}"
EndProject
Global
	GlobalSection(SolutionConfigurationPlatforms) = preSolution
		Debug|Any CPU = Debug|Any CPU
		Release|Any CPU = Release|Any CPU
	EndGlobalSection
	GlobalSection(ProjectConfigurationPlatforms) = postSolution
		{F0008610-3AD5-4C02-BD82-028855DB89F4}.Debug|Any CPU.ActiveCfg = Debug|Any CPU
		{F0008610-3AD5-4C02-BD82-028855DB89F4}.Debug|Any CPU.Build.0 = Debug|Any CPU
		{F0008610-3AD5-4C02-BD82-028855DB89F4}.Release|Any CPU.ActiveCfg = Release|Any CPU
		{F0008610-3AD5-4C02-BD82-028855DB89F4}.Release|Any CPU.Build.0 = Release|Any CPU
		{30293178-4CEC-41A7-AE13-C675D3CBC03C}.Debug|Any CPU.ActiveCfg = Debug|Any CPU
		{30293178-4CEC-41A7-AE13-C675D3CBC03C}.Debug|Any CPU.Build.0 = Debug|Any CPU
		{30293178-4CEC-41A7-AE13-C675D3CBC03C}.Release|Any CPU.ActiveCfg = Release|Any CPU
		{30293178-4CEC-41A7-AE13-C675D3CBC03C}.Release|Any CPU.Build.0 = Release|Any CPU
		{6D8D8FB8-415C-4D0A-8BF3-83FB14CA83BB}.Debug|Any CPU.ActiveCfg = Debug|Any CPU
		{6D8D8FB8-415C-4D0A-8BF3-83FB14CA83BB}.Debug|Any CPU.Build.0 = Debug|Any CPU
		{6D8D8FB8-415C-4D0A-8BF3-83FB14CA83BB}.Release|Any CPU.ActiveCfg = Release|Any CPU
		{6D8D8FB8-415C-4D0A-8BF3-83FB14CA83BB}.Release|Any CPU.Build.0 = Release|Any CPU
		{E4057340-D5CE-4B07-8FA8-81913F773614}.Debug|Any CPU.ActiveCfg = Debug|Any CPU
		{E4057340-D5CE-4B07-8FA8-81913F773614}.Debug|Any CPU.Build.0 = Debug|Any CPU
		{E4057340-D5CE-4B07-8FA8-81913F773614}.Release|Any CPU.ActiveCfg = Release|Any CPU
		{E4057340-D5CE-4B07-8FA8-81913F773614}.Release|Any CPU.Build.0 = Release|Any CPU
		{4079D438-15D0-4D82-9226-6C06E65ADC97}.Debug|Any CPU.ActiveCfg = Debug|Any CPU
		{4079D438-15D0-4D82-9226-6C06E65ADC97}.Debug|Any CPU.Build.0 = Debug|Any CPU
		{4079D438-15D0-4D82-9226-6C06E65ADC97}.Release|Any CPU.ActiveCfg = Release|Any CPU
		{4079D438-15D0-4D82-9226-6C06E65ADC97}.Release|Any CPU.Build.0 = Release|Any CPU
		{0B744C8E-3A80-468C-9B5E-8983E669BCDC}.Debug|Any CPU.ActiveCfg = Debug|Any CPU
		{0B744C8E-3A80-468C-9B5E-8983E669BCDC}.Debug|Any CPU.Build.0 = Debug|Any CPU
		{0B744C8E-3A80-468C-9B5E-8983E669BCDC}.Release|Any CPU.ActiveCfg = Release|Any CPU
		{0B744C8E-3A80-468C-9B5E-8983E669BCDC}.Release|Any CPU.Build.0 = Release|Any CPU
		{6F005A12-0EEB-4677-B799-D01111BB68FE}.Debug|Any CPU.ActiveCfg = Debug|Any CPU
		{6F005A12-0EEB-4677-B799-D01111BB68FE}.Debug|Any CPU.Build.0 = Debug|Any CPU
		{6F005A12-0EEB-4677-B799-D01111BB68FE}.Release|Any CPU.ActiveCfg = Release|Any CPU
		{6F005A12-0EEB-4677-B799-D01111BB68FE}.Release|Any CPU.Build.0 = Release|Any CPU
		{EC9DA090-360E-4EB2-B488-6DDA2FB5D4EB}.Debug|Any CPU.ActiveCfg = Debug|Any CPU
		{EC9DA090-360E-4EB2-B488-6DDA2FB5D4EB}.Debug|Any CPU.Build.0 = Debug|Any CPU
		{EC9DA090-360E-4EB2-B488-6DDA2FB5D4EB}.Release|Any CPU.ActiveCfg = Release|Any CPU
		{EC9DA090-360E-4EB2-B488-6DDA2FB5D4EB}.Release|Any CPU.Build.0 = Release|Any CPU
		{791429D6-B58F-4453-BDB9-9F299EAFE174}.Debug|Any CPU.ActiveCfg = Debug|Any CPU
		{791429D6-B58F-4453-BDB9-9F299EAFE174}.Debug|Any CPU.Build.0 = Debug|Any CPU
		{791429D6-B58F-4453-BDB9-9F299EAFE174}.Release|Any CPU.ActiveCfg = Release|Any CPU
		{791429D6-B58F-4453-BDB9-9F299EAFE174}.Release|Any CPU.Build.0 = Release|Any CPU
		{072E7486-4BC7-4522-9078-1B3B3D9BD6C9}.Debug|Any CPU.ActiveCfg = Debug|Any CPU
		{072E7486-4BC7-4522-9078-1B3B3D9BD6C9}.Debug|Any CPU.Build.0 = Debug|Any CPU
		{072E7486-4BC7-4522-9078-1B3B3D9BD6C9}.Release|Any CPU.ActiveCfg = Release|Any CPU
		{072E7486-4BC7-4522-9078-1B3B3D9BD6C9}.Release|Any CPU.Build.0 = Release|Any CPU
		{855D8162-14FF-4358-AACF-E3E683EBA327}.Debug|Any CPU.ActiveCfg = Debug|Any CPU
		{855D8162-14FF-4358-AACF-E3E683EBA327}.Debug|Any CPU.Build.0 = Debug|Any CPU
		{855D8162-14FF-4358-AACF-E3E683EBA327}.Release|Any CPU.ActiveCfg = Release|Any CPU
		{855D8162-14FF-4358-AACF-E3E683EBA327}.Release|Any CPU.Build.0 = Release|Any CPU
		{89B9D671-C199-46A6-ABA0-EAE0AA813902}.Debug|Any CPU.ActiveCfg = Debug|Any CPU
		{89B9D671-C199-46A6-ABA0-EAE0AA813902}.Debug|Any CPU.Build.0 = Debug|Any CPU
		{89B9D671-C199-46A6-ABA0-EAE0AA813902}.Release|Any CPU.ActiveCfg = Release|Any CPU
		{89B9D671-C199-46A6-ABA0-EAE0AA813902}.Release|Any CPU.Build.0 = Release|Any CPU
		{2AD8B76F-A2EE-4F10-BCC7-4163C8582E7D}.Debug|Any CPU.ActiveCfg = Debug|Any CPU
		{2AD8B76F-A2EE-4F10-BCC7-4163C8582E7D}.Debug|Any CPU.Build.0 = Debug|Any CPU
		{2AD8B76F-A2EE-4F10-BCC7-4163C8582E7D}.Release|Any CPU.ActiveCfg = Release|Any CPU
		{2AD8B76F-A2EE-4F10-BCC7-4163C8582E7D}.Release|Any CPU.Build.0 = Release|Any CPU
		{01F34B82-FFFE-47F9-974B-EDFAF38564A8}.Debug|Any CPU.ActiveCfg = Debug|Any CPU
		{01F34B82-FFFE-47F9-974B-EDFAF38564A8}.Debug|Any CPU.Build.0 = Debug|Any CPU
		{01F34B82-FFFE-47F9-974B-EDFAF38564A8}.Release|Any CPU.ActiveCfg = Release|Any CPU
		{01F34B82-FFFE-47F9-974B-EDFAF38564A8}.Release|Any CPU.Build.0 = Release|Any CPU
		{A4F2A020-5756-40D1-AF8A-C4786B46FC57}.Debug|Any CPU.ActiveCfg = Debug|Any CPU
		{A4F2A020-5756-40D1-AF8A-C4786B46FC57}.Debug|Any CPU.Build.0 = Debug|Any CPU
		{A4F2A020-5756-40D1-AF8A-C4786B46FC57}.Release|Any CPU.ActiveCfg = Release|Any CPU
		{A4F2A020-5756-40D1-AF8A-C4786B46FC57}.Release|Any CPU.Build.0 = Release|Any CPU
		{2D22396E-03D1-4174-8652-16383F112949}.Debug|Any CPU.ActiveCfg = Debug|Any CPU
		{2D22396E-03D1-4174-8652-16383F112949}.Debug|Any CPU.Build.0 = Debug|Any CPU
		{2D22396E-03D1-4174-8652-16383F112949}.Release|Any CPU.ActiveCfg = Release|Any CPU
		{2D22396E-03D1-4174-8652-16383F112949}.Release|Any CPU.Build.0 = Release|Any CPU
		{2578B1A2-0469-4C94-8DE5-B65FA7F10A95}.Debug|Any CPU.ActiveCfg = Debug|Any CPU
		{2578B1A2-0469-4C94-8DE5-B65FA7F10A95}.Debug|Any CPU.Build.0 = Debug|Any CPU
		{2578B1A2-0469-4C94-8DE5-B65FA7F10A95}.Release|Any CPU.ActiveCfg = Release|Any CPU
		{2578B1A2-0469-4C94-8DE5-B65FA7F10A95}.Release|Any CPU.Build.0 = Release|Any CPU
		{4A33329D-186D-4B68-97CC-2D9B1C6E342F}.Debug|Any CPU.ActiveCfg = Debug|Any CPU
		{4A33329D-186D-4B68-97CC-2D9B1C6E342F}.Debug|Any CPU.Build.0 = Debug|Any CPU
		{4A33329D-186D-4B68-97CC-2D9B1C6E342F}.Release|Any CPU.ActiveCfg = Release|Any CPU
		{4A33329D-186D-4B68-97CC-2D9B1C6E342F}.Release|Any CPU.Build.0 = Release|Any CPU
		{010281AA-8F16-47D7-A195-1E91D07B67D2}.Debug|Any CPU.ActiveCfg = Debug|Any CPU
		{010281AA-8F16-47D7-A195-1E91D07B67D2}.Debug|Any CPU.Build.0 = Debug|Any CPU
		{010281AA-8F16-47D7-A195-1E91D07B67D2}.Release|Any CPU.ActiveCfg = Release|Any CPU
		{010281AA-8F16-47D7-A195-1E91D07B67D2}.Release|Any CPU.Build.0 = Release|Any CPU
		{2A734CCF-F81C-46B6-9391-2EDFEF6B3555}.Debug|Any CPU.ActiveCfg = Debug|Any CPU
		{2A734CCF-F81C-46B6-9391-2EDFEF6B3555}.Debug|Any CPU.Build.0 = Debug|Any CPU
		{2A734CCF-F81C-46B6-9391-2EDFEF6B3555}.Release|Any CPU.ActiveCfg = Release|Any CPU
		{2A734CCF-F81C-46B6-9391-2EDFEF6B3555}.Release|Any CPU.Build.0 = Release|Any CPU
		{A8F53F0B-A5C4-473A-8177-2DFB71B0A614}.Debug|Any CPU.ActiveCfg = Debug|Any CPU
		{A8F53F0B-A5C4-473A-8177-2DFB71B0A614}.Debug|Any CPU.Build.0 = Debug|Any CPU
		{A8F53F0B-A5C4-473A-8177-2DFB71B0A614}.Release|Any CPU.ActiveCfg = Release|Any CPU
		{A8F53F0B-A5C4-473A-8177-2DFB71B0A614}.Release|Any CPU.Build.0 = Release|Any CPU
		{8FEDE311-A1CF-4AB1-A04B-11929C17610F}.Debug|Any CPU.ActiveCfg = Debug|Any CPU
		{8FEDE311-A1CF-4AB1-A04B-11929C17610F}.Debug|Any CPU.Build.0 = Debug|Any CPU
		{8FEDE311-A1CF-4AB1-A04B-11929C17610F}.Release|Any CPU.ActiveCfg = Release|Any CPU
		{8FEDE311-A1CF-4AB1-A04B-11929C17610F}.Release|Any CPU.Build.0 = Release|Any CPU
		{338DD7D9-6399-43C4-B1C1-77028078425D}.Debug|Any CPU.ActiveCfg = Debug|Any CPU
		{338DD7D9-6399-43C4-B1C1-77028078425D}.Debug|Any CPU.Build.0 = Debug|Any CPU
		{338DD7D9-6399-43C4-B1C1-77028078425D}.Release|Any CPU.ActiveCfg = Release|Any CPU
		{338DD7D9-6399-43C4-B1C1-77028078425D}.Release|Any CPU.Build.0 = Release|Any CPU
		{2870C6AD-A5A5-4315-9180-767BFD860656}.Debug|Any CPU.ActiveCfg = Debug|Any CPU
		{2870C6AD-A5A5-4315-9180-767BFD860656}.Debug|Any CPU.Build.0 = Debug|Any CPU
		{2870C6AD-A5A5-4315-9180-767BFD860656}.Release|Any CPU.ActiveCfg = Release|Any CPU
		{2870C6AD-A5A5-4315-9180-767BFD860656}.Release|Any CPU.Build.0 = Release|Any CPU
		{AC12969E-B544-4020-BF0D-F7CC7625C188}.Debug|Any CPU.ActiveCfg = Debug|Any CPU
		{AC12969E-B544-4020-BF0D-F7CC7625C188}.Debug|Any CPU.Build.0 = Debug|Any CPU
		{AC12969E-B544-4020-BF0D-F7CC7625C188}.Release|Any CPU.ActiveCfg = Release|Any CPU
		{AC12969E-B544-4020-BF0D-F7CC7625C188}.Release|Any CPU.Build.0 = Release|Any CPU
		{4CE5D042-3760-4AEE-9B39-12AF8F51A6E4}.Debug|Any CPU.ActiveCfg = Debug|Any CPU
		{4CE5D042-3760-4AEE-9B39-12AF8F51A6E4}.Debug|Any CPU.Build.0 = Debug|Any CPU
		{4CE5D042-3760-4AEE-9B39-12AF8F51A6E4}.Release|Any CPU.ActiveCfg = Release|Any CPU
		{4CE5D042-3760-4AEE-9B39-12AF8F51A6E4}.Release|Any CPU.Build.0 = Release|Any CPU
		{FBF1D8A1-56EC-4CA3-AF94-E8490FB0ABF1}.Debug|Any CPU.ActiveCfg = Debug|Any CPU
		{FBF1D8A1-56EC-4CA3-AF94-E8490FB0ABF1}.Debug|Any CPU.Build.0 = Debug|Any CPU
		{FBF1D8A1-56EC-4CA3-AF94-E8490FB0ABF1}.Release|Any CPU.ActiveCfg = Release|Any CPU
		{FBF1D8A1-56EC-4CA3-AF94-E8490FB0ABF1}.Release|Any CPU.Build.0 = Release|Any CPU
		{260F8260-E90D-44D4-83E3-5A0675340543}.Debug|Any CPU.ActiveCfg = Debug|Any CPU
		{260F8260-E90D-44D4-83E3-5A0675340543}.Debug|Any CPU.Build.0 = Debug|Any CPU
		{260F8260-E90D-44D4-83E3-5A0675340543}.Release|Any CPU.ActiveCfg = Release|Any CPU
		{260F8260-E90D-44D4-83E3-5A0675340543}.Release|Any CPU.Build.0 = Release|Any CPU
	EndGlobalSection
	GlobalSection(SolutionProperties) = preSolution
		HideSolutionNode = FALSE
	EndGlobalSection
EndGlobal
